
Microsoft Visual Studio Solution File, Format Version 12.00
# Visual Studio Version 17
VisualStudioVersion = 17.10.34916.146
MinimumVisualStudioVersion = 10.0.40219.1
Project("{FAE04EC0-301F-11D3-BF4B-00C04F79EFBC}") = "APP DO CARRINHO", "APP DO CARRINHO\APP DO CARRINHO.csproj", "{DAC16047-47BC-4092-96B2-4E299608D979}"
EndProject
Project("{FAE04EC0-301F-11D3-BF4B-00C04F79EFBC}") = "CarrinhoAPI", "..\APP CARRINHO - API\CarrinhoAPI.csproj", "{30394423-6F28-4E12-98B1-41E07C748506}"
EndProject
Project("{FAE04EC0-301F-11D3-BF4B-00C04F79EFBC}") = "DataBase.APPCarrinho", "DataBase.APPCarrinho\DataBase.APPCarrinho.csproj", "{EE671BC9-8E64-4597-AD92-16F12B3E6EB7}"
EndProject
Project("{FAE04EC0-301F-11D3-BF4B-00C04F79EFBC}") = "Metodos.APPCarrinho", "Metodos.APPCarrinho\Metodos.APPCarrinho.csproj", "{8E498AC8-7E72-4533-B875-5C7930FDB63E}"
EndProject
Project("{FAE04EC0-301F-11D3-BF4B-00C04F79EFBC}") = "Modelos.APPCarrinho", "Modelos.APPCarrinho\Modelos.APPCarrinho.csproj", "{34C3F7B0-C0E5-4667-8CBE-3929D7DA4F3E}"
EndProject
Global
	GlobalSection(SolutionConfigurationPlatforms) = preSolution
		Debug|Any CPU = Debug|Any CPU
		Release|Any CPU = Release|Any CPU
	EndGlobalSection
	GlobalSection(ProjectConfigurationPlatforms) = postSolution
		{DAC16047-47BC-4092-96B2-4E299608D979}.Debug|Any CPU.ActiveCfg = Debug|Any CPU
		{DAC16047-47BC-4092-96B2-4E299608D979}.Debug|Any CPU.Build.0 = Debug|Any CPU
		{DAC16047-47BC-4092-96B2-4E299608D979}.Release|Any CPU.ActiveCfg = Release|Any CPU
		{DAC16047-47BC-4092-96B2-4E299608D979}.Release|Any CPU.Build.0 = Release|Any CPU
		{30394423-6F28-4E12-98B1-41E07C748506}.Debug|Any CPU.ActiveCfg = Debug|Any CPU
		{30394423-6F28-4E12-98B1-41E07C748506}.Debug|Any CPU.Build.0 = Debug|Any CPU
		{30394423-6F28-4E12-98B1-41E07C748506}.Release|Any CPU.ActiveCfg = Release|Any CPU
		{30394423-6F28-4E12-98B1-41E07C748506}.Release|Any CPU.Build.0 = Release|Any CPU
		{EE671BC9-8E64-4597-AD92-16F12B3E6EB7}.Debug|Any CPU.ActiveCfg = Debug|Any CPU
		{EE671BC9-8E64-4597-AD92-16F12B3E6EB7}.Debug|Any CPU.Build.0 = Debug|Any CPU
		{EE671BC9-8E64-4597-AD92-16F12B3E6EB7}.Release|Any CPU.ActiveCfg = Release|Any CPU
		{EE671BC9-8E64-4597-AD92-16F12B3E6EB7}.Release|Any CPU.Build.0 = Release|Any CPU
		{8E498AC8-7E72-4533-B875-5C7930FDB63E}.Debug|Any CPU.ActiveCfg = Debug|Any CPU
		{8E498AC8-7E72-4533-B875-5C7930FDB63E}.Debug|Any CPU.Build.0 = Debug|Any CPU
		{8E498AC8-7E72-4533-B875-5C7930FDB63E}.Release|Any CPU.ActiveCfg = Release|Any CPU
		{8E498AC8-7E72-4533-B875-5C7930FDB63E}.Release|Any CPU.Build.0 = Release|Any CPU
		{34C3F7B0-C0E5-4667-8CBE-3929D7DA4F3E}.Debug|Any CPU.ActiveCfg = Debug|Any CPU
		{34C3F7B0-C0E5-4667-8CBE-3929D7DA4F3E}.Debug|Any CPU.Build.0 = Debug|Any CPU
		{34C3F7B0-C0E5-4667-8CBE-3929D7DA4F3E}.Release|Any CPU.ActiveCfg = Release|Any CPU
		{34C3F7B0-C0E5-4667-8CBE-3929D7DA4F3E}.Release|Any CPU.Build.0 = Release|Any CPU
	EndGlobalSection
	GlobalSection(SolutionProperties) = preSolution
		HideSolutionNode = FALSE
	EndGlobalSection
	GlobalSection(ExtensibilityGlobals) = postSolution
		SolutionGuid = {936B6756-7FC8-4DE5-BDFF-3BA508427FC8}
	EndGlobalSection
EndGlobal
